
Microsoft Visual Studio Solution File, Format Version 10.00
# Visual C# Express 2008
Project("{FAE04EC0-301F-11D3-BF4B-00C04F79EFBC}") = "UU", "UU\UU.csproj", "{6799B7CE-E77D-40F1-8550-5B018E1B8075}"
EndProject
Global
	GlobalSection(SolutionConfigurationPlatforms) = preSolution
		Debug|Any CPU = Debug|Any CPU
		Debug|x86 = Debug|x86
		Release|Any CPU = Release|Any CPU
		Release|x86 = Release|x86
	EndGlobalSection
	GlobalSection(ProjectConfigurationPlatforms) = postSolution
		{6799B7CE-E77D-40F1-8550-5B018E1B8075}.Debug|Any CPU.ActiveCfg = Debug|Any CPU
		{6799B7CE-E77D-40F1-8550-5B018E1B8075}.Debug|Any CPU.Build.0 = Debug|Any CPU
		{6799B7CE-E77D-40F1-8550-5B018E1B8075}.Debug|x86.ActiveCfg = Debug|x86
		{6799B7CE-E77D-40F1-8550-5B018E1B8075}.Debug|x86.Build.0 = Debug|x86
		{6799B7CE-E77D-40F1-8550-5B018E1B8075}.Release|Any CPU.ActiveCfg = Release|Any CPU
		{6799B7CE-E77D-40F1-8550-5B018E1B8075}.Release|Any CPU.Build.0 = Release|Any CPU
		{6799B7CE-E77D-40F1-8550-5B018E1B8075}.Release|x86.ActiveCfg = Release|x86
		{6799B7CE-E77D-40F1-8550-5B018E1B8075}.Release|x86.Build.0 = Release|x86
	EndGlobalSection
	GlobalSection(SolutionProperties) = preSolution
		HideSolutionNode = FALSE
	EndGlobalSection
EndGlobal
